
Microsoft Visual Studio Solution File, Format Version 12.00
# Visual Studio 15
VisualStudioVersion = 15.0.27428.2002
MinimumVisualStudioVersion = 10.0.40219.1
Project("{FAE04EC0-301F-11D3-BF4B-00C04F79EFBC}") = "RowLevelSecurity", "RowLevelSecurity\RowLevelSecurity.csproj", "{61EC586E-CEF5-4D72-9160-6F33B3B5E9CC}"
EndProject
Global
	GlobalSection(SolutionConfigurationPlatforms) = preSolution
		Debug|Any CPU = Debug|Any CPU
		Release|Any CPU = Release|Any CPU
	EndGlobalSection
	GlobalSection(ProjectConfigurationPlatforms) = postSolution
		{61EC586E-CEF5-4D72-9160-6F33B3B5E9CC}.Debug|Any CPU.ActiveCfg = Debug|Any CPU
		{61EC586E-CEF5-4D72-9160-6F33B3B5E9CC}.Debug|Any CPU.Build.0 = Debug|Any CPU
		{61EC586E-CEF5-4D72-9160-6F33B3B5E9CC}.Release|Any CPU.ActiveCfg = Release|Any CPU
		{61EC586E-CEF5-4D72-9160-6F33B3B5E9CC}.Release|Any CPU.Build.0 = Release|Any CPU
	EndGlobalSection
	GlobalSection(SolutionProperties) = preSolution
		HideSolutionNode = FALSE
	EndGlobalSection
	GlobalSection(ExtensibilityGlobals) = postSolution
		SolutionGuid = {DA4EE4B4-5EE8-4BFA-BB75-BB894DEFC2B7}
	EndGlobalSection
EndGlobal
